
Microsoft Visual Studio Solution File, Format Version 12.00
# Visual Studio 15
VisualStudioVersion = 15.0.28307.1500
MinimumVisualStudioVersion = 10.0.40219.1
Project("{FAE04EC0-301F-11D3-BF4B-00C04F79EFBC}") = "HelloWorld", "HelloWorld\HelloWorld.csproj", "{1247D8CE-9E1B-46B0-B841-0785E2CF821C}"
EndProject
Project("{FAE04EC0-301F-11D3-BF4B-00C04F79EFBC}") = "HelloWorldTest", "HelloWorldTest\HelloWorldTest.csproj", "{6056861D-6816-4B6A-9790-DE6B27BC408A}"
EndProject
Global
	GlobalSection(SolutionConfigurationPlatforms) = preSolution
		Debug|Any CPU = Debug|Any CPU
		Release|Any CPU = Release|Any CPU
	EndGlobalSection
	GlobalSection(ProjectConfigurationPlatforms) = postSolution
		{1247D8CE-9E1B-46B0-B841-0785E2CF821C}.Debug|Any CPU.ActiveCfg = Debug|Any CPU
		{1247D8CE-9E1B-46B0-B841-0785E2CF821C}.Debug|Any CPU.Build.0 = Debug|Any CPU
		{1247D8CE-9E1B-46B0-B841-0785E2CF821C}.Release|Any CPU.ActiveCfg = Release|Any CPU
		{1247D8CE-9E1B-46B0-B841-0785E2CF821C}.Release|Any CPU.Build.0 = Release|Any CPU
		{6056861D-6816-4B6A-9790-DE6B27BC408A}.Debug|Any CPU.ActiveCfg = Debug|Any CPU
		{6056861D-6816-4B6A-9790-DE6B27BC408A}.Debug|Any CPU.Build.0 = Debug|Any CPU
		{6056861D-6816-4B6A-9790-DE6B27BC408A}.Release|Any CPU.ActiveCfg = Release|Any CPU
		{6056861D-6816-4B6A-9790-DE6B27BC408A}.Release|Any CPU.Build.0 = Release|Any CPU
	EndGlobalSection
	GlobalSection(SolutionProperties) = preSolution
		HideSolutionNode = FALSE
	EndGlobalSection
	GlobalSection(ExtensibilityGlobals) = postSolution
		SolutionGuid = {FD1FDD5C-75AD-4195-B26A-A5C6D2B65DA9}
	EndGlobalSection
EndGlobal
